
Microsoft Visual Studio Solution File, Format Version 12.00
# Visual Studio Version 17
VisualStudioVersion = 17.8.34330.188
MinimumVisualStudioVersion = 10.0.40219.1
Project("{FAE04EC0-301F-11D3-BF4B-00C04F79EFBC}") = "IntesaSanFabbro22F", "IntesaSanFabbro22F\IntesaSanFabbro22F.csproj", "{51A87191-07C4-4AFA-BB4B-699C855C1032}"
EndProject
Global
	GlobalSection(SolutionConfigurationPlatforms) = preSolution
		Debug|Any CPU = Debug|Any CPU
		Release|Any CPU = Release|Any CPU
	EndGlobalSection
	GlobalSection(ProjectConfigurationPlatforms) = postSolution
		{51A87191-07C4-4AFA-BB4B-699C855C1032}.Debug|Any CPU.ActiveCfg = Debug|Any CPU
		{51A87191-07C4-4AFA-BB4B-699C855C1032}.Debug|Any CPU.Build.0 = Debug|Any CPU
		{51A87191-07C4-4AFA-BB4B-699C855C1032}.Release|Any CPU.ActiveCfg = Release|Any CPU
		{51A87191-07C4-4AFA-BB4B-699C855C1032}.Release|Any CPU.Build.0 = Release|Any CPU
	EndGlobalSection
	GlobalSection(SolutionProperties) = preSolution
		HideSolutionNode = FALSE
	EndGlobalSection
	GlobalSection(ExtensibilityGlobals) = postSolution
		SolutionGuid = {E649B4E3-9FAF-46C4-890E-48565E9B046D}
	EndGlobalSection
EndGlobal
